
Microsoft Visual Studio Solution File, Format Version 12.00
# Visual Studio 15
VisualStudioVersion = 15.0.27703.2035
MinimumVisualStudioVersion = 10.0.40219.1
Project("{FAE04EC0-301F-11D3-BF4B-00C04F79EFBC}") = "PremiumCalculation", "PremiumCalculation\PremiumCalculation.csproj", "{D111BD43-C737-4305-9A48-401DCD980F25}"
EndProject
Project("{FAE04EC0-301F-11D3-BF4B-00C04F79EFBC}") = "UnitTestPremiumCalculation", "UnitTestPremiumCalculation\UnitTestPremiumCalculation.csproj", "{5917ED6D-971C-4839-A807-19D24C8FAFD8}"
EndProject
Project("{FAE04EC0-301F-11D3-BF4B-00C04F79EFBC}") = "DAL", "DAL\DAL.csproj", "{3F5D2653-0A13-4A31-9B7E-57D1A21D59BD}"
EndProject
Project("{FAE04EC0-301F-11D3-BF4B-00C04F79EFBC}") = "Services", "Services\Services.csproj", "{45823BA9-7D09-49C2-ADB4-721DAE1B779E}"
EndProject
Project("{FAE04EC0-301F-11D3-BF4B-00C04F79EFBC}") = "Models", "Models\Models.csproj", "{16F13A4C-3878-4AEE-8874-974E24C8C346}"
EndProject
Global
	GlobalSection(SolutionConfigurationPlatforms) = preSolution
		Debug|Any CPU = Debug|Any CPU
		Release|Any CPU = Release|Any CPU
	EndGlobalSection
	GlobalSection(ProjectConfigurationPlatforms) = postSolution
		{D111BD43-C737-4305-9A48-401DCD980F25}.Debug|Any CPU.ActiveCfg = Debug|Any CPU
		{D111BD43-C737-4305-9A48-401DCD980F25}.Debug|Any CPU.Build.0 = Debug|Any CPU
		{D111BD43-C737-4305-9A48-401DCD980F25}.Release|Any CPU.ActiveCfg = Release|Any CPU
		{D111BD43-C737-4305-9A48-401DCD980F25}.Release|Any CPU.Build.0 = Release|Any CPU
		{5917ED6D-971C-4839-A807-19D24C8FAFD8}.Debug|Any CPU.ActiveCfg = Debug|Any CPU
		{5917ED6D-971C-4839-A807-19D24C8FAFD8}.Debug|Any CPU.Build.0 = Debug|Any CPU
		{5917ED6D-971C-4839-A807-19D24C8FAFD8}.Release|Any CPU.ActiveCfg = Release|Any CPU
		{5917ED6D-971C-4839-A807-19D24C8FAFD8}.Release|Any CPU.Build.0 = Release|Any CPU
		{3F5D2653-0A13-4A31-9B7E-57D1A21D59BD}.Debug|Any CPU.ActiveCfg = Debug|Any CPU
		{3F5D2653-0A13-4A31-9B7E-57D1A21D59BD}.Debug|Any CPU.Build.0 = Debug|Any CPU
		{3F5D2653-0A13-4A31-9B7E-57D1A21D59BD}.Release|Any CPU.ActiveCfg = Release|Any CPU
		{3F5D2653-0A13-4A31-9B7E-57D1A21D59BD}.Release|Any CPU.Build.0 = Release|Any CPU
		{45823BA9-7D09-49C2-ADB4-721DAE1B779E}.Debug|Any CPU.ActiveCfg = Debug|Any CPU
		{45823BA9-7D09-49C2-ADB4-721DAE1B779E}.Debug|Any CPU.Build.0 = Debug|Any CPU
		{45823BA9-7D09-49C2-ADB4-721DAE1B779E}.Release|Any CPU.ActiveCfg = Release|Any CPU
		{45823BA9-7D09-49C2-ADB4-721DAE1B779E}.Release|Any CPU.Build.0 = Release|Any CPU
		{16F13A4C-3878-4AEE-8874-974E24C8C346}.Debug|Any CPU.ActiveCfg = Debug|Any CPU
		{16F13A4C-3878-4AEE-8874-974E24C8C346}.Debug|Any CPU.Build.0 = Debug|Any CPU
		{16F13A4C-3878-4AEE-8874-974E24C8C346}.Release|Any CPU.ActiveCfg = Release|Any CPU
		{16F13A4C-3878-4AEE-8874-974E24C8C346}.Release|Any CPU.Build.0 = Release|Any CPU
	EndGlobalSection
	GlobalSection(SolutionProperties) = preSolution
		HideSolutionNode = FALSE
	EndGlobalSection
	GlobalSection(ExtensibilityGlobals) = postSolution
		SolutionGuid = {E08D6F48-8C48-4964-8299-1F29772D235B}
	EndGlobalSection
EndGlobal
